
Microsoft Visual Studio Solution File, Format Version 12.00
Project("{FAE04EC0-301F-11D3-BF4B-00C04F79EFBC}") = "Afsnit3", "Afsnit3\Afsnit3.csproj", "{B98417F7-25C7-49C1-9D3C-4C5140BC5482}"
EndProject
Project("{FAE04EC0-301F-11D3-BF4B-00C04F79EFBC}") = "Afsnit4", "Afsnit4\Afsnit4.csproj", "{6BBC71DA-6B64-4940-91B4-B05695E8147A}"
EndProject
Project("{FAE04EC0-301F-11D3-BF4B-00C04F79EFBC}") = "Afsnit5", "Afsnit5\Afsnit5.csproj", "{C860AD13-32B9-421D-8200-A192011511B0}"
EndProject
Project("{FAE04EC0-301F-11D3-BF4B-00C04F79EFBC}") = "Afsnit6", "Afsnit6\Afsnit6.csproj", "{5B73C210-E372-47D0-AFAC-BA8967A34F8D}"
EndProject
Project("{FAE04EC0-301F-11D3-BF4B-00C04F79EFBC}") = "Afsnit7", "Afsnit7\Afsnit7.csproj", "{9F81ECF2-596A-45FD-A0B5-C0FED3BAFC29}"
EndProject
Project("{FAE04EC0-301F-11D3-BF4B-00C04F79EFBC}") = "Afsnit8", "Afsnit8\Afsnit8.csproj", "{9328EF33-E6C6-400F-AFB1-359901FD2E3A}"
EndProject
Project("{FAE04EC0-301F-11D3-BF4B-00C04F79EFBC}") = "Afsnit9", "Afsnit9\Afsnit9.csproj", "{46E4E11D-79DE-4B00-BFE3-EA8154F275AD}"
EndProject
Project("{FAE04EC0-301F-11D3-BF4B-00C04F79EFBC}") = "Afsnit10", "Afsnit10\Afsnit10.csproj", "{E5822A72-EEB1-4291-A0E3-19D4DC514CED}"
EndProject
Project("{FAE04EC0-301F-11D3-BF4B-00C04F79EFBC}") = "Afsnit11", "Afsnit11\Afsnit11.csproj", "{BA17BA9A-EB50-4BB9-B3E5-4F62F1225E92}"
EndProject
Project("{FAE04EC0-301F-11D3-BF4B-00C04F79EFBC}") = "Afsnit12", "Afsnit12\Afsnit12.csproj", "{F30A6BC2-7A11-49FB-9240-D3AE1B112B7C}"
EndProject
Project("{FAE04EC0-301F-11D3-BF4B-00C04F79EFBC}") = "Afsnit13", "Afsnit13\Afsnit13.csproj", "{4B10A851-F600-4938-B7AD-3521E66329CB}"
EndProject
Project("{FAE04EC0-301F-11D3-BF4B-00C04F79EFBC}") = "Afsnit13b", "Afsnit13b\Afsnit13b.csproj", "{2E1EA5A5-8103-4411-9EDD-B87C625BBE21}"
EndProject
Project("{FAE04EC0-301F-11D3-BF4B-00C04F79EFBC}") = "Afsnit14", "Afsnit14\Afsnit14.csproj", "{8D855F51-C1CA-44B0-AC51-6DD58C03FB0D}"
EndProject
Global
	GlobalSection(SolutionConfigurationPlatforms) = preSolution
		Debug|Any CPU = Debug|Any CPU
		Release|Any CPU = Release|Any CPU
	EndGlobalSection
	GlobalSection(ProjectConfigurationPlatforms) = postSolution
		{B98417F7-25C7-49C1-9D3C-4C5140BC5482}.Debug|Any CPU.ActiveCfg = Debug|Any CPU
		{B98417F7-25C7-49C1-9D3C-4C5140BC5482}.Debug|Any CPU.Build.0 = Debug|Any CPU
		{B98417F7-25C7-49C1-9D3C-4C5140BC5482}.Release|Any CPU.ActiveCfg = Release|Any CPU
		{B98417F7-25C7-49C1-9D3C-4C5140BC5482}.Release|Any CPU.Build.0 = Release|Any CPU
		{6BBC71DA-6B64-4940-91B4-B05695E8147A}.Debug|Any CPU.ActiveCfg = Debug|Any CPU
		{6BBC71DA-6B64-4940-91B4-B05695E8147A}.Debug|Any CPU.Build.0 = Debug|Any CPU
		{6BBC71DA-6B64-4940-91B4-B05695E8147A}.Release|Any CPU.ActiveCfg = Release|Any CPU
		{6BBC71DA-6B64-4940-91B4-B05695E8147A}.Release|Any CPU.Build.0 = Release|Any CPU
		{C860AD13-32B9-421D-8200-A192011511B0}.Debug|Any CPU.ActiveCfg = Debug|Any CPU
		{C860AD13-32B9-421D-8200-A192011511B0}.Debug|Any CPU.Build.0 = Debug|Any CPU
		{C860AD13-32B9-421D-8200-A192011511B0}.Release|Any CPU.ActiveCfg = Release|Any CPU
		{C860AD13-32B9-421D-8200-A192011511B0}.Release|Any CPU.Build.0 = Release|Any CPU
		{5B73C210-E372-47D0-AFAC-BA8967A34F8D}.Debug|Any CPU.ActiveCfg = Debug|Any CPU
		{5B73C210-E372-47D0-AFAC-BA8967A34F8D}.Debug|Any CPU.Build.0 = Debug|Any CPU
		{5B73C210-E372-47D0-AFAC-BA8967A34F8D}.Release|Any CPU.ActiveCfg = Release|Any CPU
		{5B73C210-E372-47D0-AFAC-BA8967A34F8D}.Release|Any CPU.Build.0 = Release|Any CPU
		{9F81ECF2-596A-45FD-A0B5-C0FED3BAFC29}.Debug|Any CPU.ActiveCfg = Debug|Any CPU
		{9F81ECF2-596A-45FD-A0B5-C0FED3BAFC29}.Debug|Any CPU.Build.0 = Debug|Any CPU
		{9F81ECF2-596A-45FD-A0B5-C0FED3BAFC29}.Release|Any CPU.ActiveCfg = Release|Any CPU
		{9F81ECF2-596A-45FD-A0B5-C0FED3BAFC29}.Release|Any CPU.Build.0 = Release|Any CPU
		{9328EF33-E6C6-400F-AFB1-359901FD2E3A}.Debug|Any CPU.ActiveCfg = Debug|Any CPU
		{9328EF33-E6C6-400F-AFB1-359901FD2E3A}.Debug|Any CPU.Build.0 = Debug|Any CPU
		{9328EF33-E6C6-400F-AFB1-359901FD2E3A}.Release|Any CPU.ActiveCfg = Release|Any CPU
		{9328EF33-E6C6-400F-AFB1-359901FD2E3A}.Release|Any CPU.Build.0 = Release|Any CPU
		{46E4E11D-79DE-4B00-BFE3-EA8154F275AD}.Debug|Any CPU.ActiveCfg = Debug|Any CPU
		{46E4E11D-79DE-4B00-BFE3-EA8154F275AD}.Debug|Any CPU.Build.0 = Debug|Any CPU
		{46E4E11D-79DE-4B00-BFE3-EA8154F275AD}.Release|Any CPU.ActiveCfg = Release|Any CPU
		{46E4E11D-79DE-4B00-BFE3-EA8154F275AD}.Release|Any CPU.Build.0 = Release|Any CPU
		{E5822A72-EEB1-4291-A0E3-19D4DC514CED}.Debug|Any CPU.ActiveCfg = Debug|Any CPU
		{E5822A72-EEB1-4291-A0E3-19D4DC514CED}.Debug|Any CPU.Build.0 = Debug|Any CPU
		{E5822A72-EEB1-4291-A0E3-19D4DC514CED}.Release|Any CPU.ActiveCfg = Release|Any CPU
		{E5822A72-EEB1-4291-A0E3-19D4DC514CED}.Release|Any CPU.Build.0 = Release|Any CPU
		{BA17BA9A-EB50-4BB9-B3E5-4F62F1225E92}.Debug|Any CPU.ActiveCfg = Debug|Any CPU
		{BA17BA9A-EB50-4BB9-B3E5-4F62F1225E92}.Debug|Any CPU.Build.0 = Debug|Any CPU
		{BA17BA9A-EB50-4BB9-B3E5-4F62F1225E92}.Release|Any CPU.ActiveCfg = Release|Any CPU
		{BA17BA9A-EB50-4BB9-B3E5-4F62F1225E92}.Release|Any CPU.Build.0 = Release|Any CPU
		{F30A6BC2-7A11-49FB-9240-D3AE1B112B7C}.Debug|Any CPU.ActiveCfg = Debug|Any CPU
		{F30A6BC2-7A11-49FB-9240-D3AE1B112B7C}.Debug|Any CPU.Build.0 = Debug|Any CPU
		{F30A6BC2-7A11-49FB-9240-D3AE1B112B7C}.Release|Any CPU.ActiveCfg = Release|Any CPU
		{F30A6BC2-7A11-49FB-9240-D3AE1B112B7C}.Release|Any CPU.Build.0 = Release|Any CPU
		{4B10A851-F600-4938-B7AD-3521E66329CB}.Debug|Any CPU.ActiveCfg = Debug|Any CPU
		{4B10A851-F600-4938-B7AD-3521E66329CB}.Debug|Any CPU.Build.0 = Debug|Any CPU
		{4B10A851-F600-4938-B7AD-3521E66329CB}.Release|Any CPU.ActiveCfg = Release|Any CPU
		{4B10A851-F600-4938-B7AD-3521E66329CB}.Release|Any CPU.Build.0 = Release|Any CPU
		{2E1EA5A5-8103-4411-9EDD-B87C625BBE21}.Debug|Any CPU.ActiveCfg = Debug|Any CPU
		{2E1EA5A5-8103-4411-9EDD-B87C625BBE21}.Debug|Any CPU.Build.0 = Debug|Any CPU
		{2E1EA5A5-8103-4411-9EDD-B87C625BBE21}.Release|Any CPU.ActiveCfg = Release|Any CPU
		{2E1EA5A5-8103-4411-9EDD-B87C625BBE21}.Release|Any CPU.Build.0 = Release|Any CPU
		{8D855F51-C1CA-44B0-AC51-6DD58C03FB0D}.Debug|Any CPU.ActiveCfg = Debug|Any CPU
		{8D855F51-C1CA-44B0-AC51-6DD58C03FB0D}.Debug|Any CPU.Build.0 = Debug|Any CPU
		{8D855F51-C1CA-44B0-AC51-6DD58C03FB0D}.Release|Any CPU.ActiveCfg = Release|Any CPU
		{8D855F51-C1CA-44B0-AC51-6DD58C03FB0D}.Release|Any CPU.Build.0 = Release|Any CPU
	EndGlobalSection
EndGlobal
